
Microsoft Visual Studio Solution File, Format Version 12.00
# Visual Studio Version 17
VisualStudioVersion = 17.2.32630.192
MinimumVisualStudioVersion = 10.0.40219.1
Project("{8BC9CEB8-8B4A-11D0-8D11-00A0C91BC942}") = "ConsoleApplication1", "ConsoleApplication1\ConsoleApplication1.vcxproj", "{CAACE3E0-430B-421E-816B-3A6BD8D5F7D9}"
EndProject
Global
	GlobalSection(SolutionConfigurationPlatforms) = preSolution
		Debug|x64 = Debug|x64
		Debug|x86 = Debug|x86
		Release|x64 = Release|x64
		Release|x86 = Release|x86
	EndGlobalSection
	GlobalSection(ProjectConfigurationPlatforms) = postSolution
		{CAACE3E0-430B-421E-816B-3A6BD8D5F7D9}.Debug|x64.ActiveCfg = Debug|x64
		{CAACE3E0-430B-421E-816B-3A6BD8D5F7D9}.Debug|x64.Build.0 = Debug|x64
		{CAACE3E0-430B-421E-816B-3A6BD8D5F7D9}.Debug|x86.ActiveCfg = Debug|Win32
		{CAACE3E0-430B-421E-816B-3A6BD8D5F7D9}.Debug|x86.Build.0 = Debug|Win32
		{CAACE3E0-430B-421E-816B-3A6BD8D5F7D9}.Release|x64.ActiveCfg = Release|x64
		{CAACE3E0-430B-421E-816B-3A6BD8D5F7D9}.Release|x64.Build.0 = Release|x64
		{CAACE3E0-430B-421E-816B-3A6BD8D5F7D9}.Release|x86.ActiveCfg = Release|Win32
		{CAACE3E0-430B-421E-816B-3A6BD8D5F7D9}.Release|x86.Build.0 = Release|Win32
	EndGlobalSection
	GlobalSection(SolutionProperties) = preSolution
		HideSolutionNode = FALSE
	EndGlobalSection
	GlobalSection(ExtensibilityGlobals) = postSolution
		SolutionGuid = {45BDE9CF-6821-4A9A-A53A-69FB850B971D}
	EndGlobalSection
EndGlobal
